{
  "name": "catvid",
  "version": "1.0.0",
  "lockfileVersion": 1,
  "requires": true,
  "dependencies": {
    "pi-camera": {
      "version": "1.2.1",
      "resolved": "https://registry.npmjs.org/pi-camera/-/pi-camera-1.2.1.tgz",
      "integrity": "sha512-/jD5i+ApwLkQJsxJI/pFCdWrSy1mrhHYFLWaTCHFARGBexumZ+JViiie9PsIiOryrDVhwLcX/wDCcoSUUDbYHw=="
    }
  }
}
